
Microsoft Visual Studio Solution File, Format Version 12.00
# Visual Studio Version 17
VisualStudioVersion = 17.0.31903.59
MinimumVisualStudioVersion = 10.0.40219.1
Project("{FAE04EC0-301F-11D3-BF4B-00C04F79EFBC}") = "API", "API\API.csproj", "{7D0447F9-A2B9-45E6-A896-9E57B4130224}"
EndProject
Project("{FAE04EC0-301F-11D3-BF4B-00C04F79EFBC}") = "Core", "Core\Core.csproj", "{45342E7C-0F25-466D-9769-D6C19145958A}"
EndProject
Project("{FAE04EC0-301F-11D3-BF4B-00C04F79EFBC}") = "Infrastructure", "Infrastructure\Infrastructure.csproj", "{F69341E5-EADA-4753-92F8-ADB0ECD49C2F}"
EndProject
Global
	GlobalSection(SolutionConfigurationPlatforms) = preSolution
		Debug|Any CPU = Debug|Any CPU
		Release|Any CPU = Release|Any CPU
	EndGlobalSection
	GlobalSection(SolutionProperties) = preSolution
		HideSolutionNode = FALSE
	EndGlobalSection
	GlobalSection(ProjectConfigurationPlatforms) = postSolution
		{7D0447F9-A2B9-45E6-A896-9E57B4130224}.Debug|Any CPU.ActiveCfg = Debug|Any CPU
		{7D0447F9-A2B9-45E6-A896-9E57B4130224}.Debug|Any CPU.Build.0 = Debug|Any CPU
		{7D0447F9-A2B9-45E6-A896-9E57B4130224}.Release|Any CPU.ActiveCfg = Release|Any CPU
		{7D0447F9-A2B9-45E6-A896-9E57B4130224}.Release|Any CPU.Build.0 = Release|Any CPU
		{45342E7C-0F25-466D-9769-D6C19145958A}.Debug|Any CPU.ActiveCfg = Debug|Any CPU
		{45342E7C-0F25-466D-9769-D6C19145958A}.Debug|Any CPU.Build.0 = Debug|Any CPU
		{45342E7C-0F25-466D-9769-D6C19145958A}.Release|Any CPU.ActiveCfg = Release|Any CPU
		{45342E7C-0F25-466D-9769-D6C19145958A}.Release|Any CPU.Build.0 = Release|Any CPU
		{F69341E5-EADA-4753-92F8-ADB0ECD49C2F}.Debug|Any CPU.ActiveCfg = Debug|Any CPU
		{F69341E5-EADA-4753-92F8-ADB0ECD49C2F}.Debug|Any CPU.Build.0 = Debug|Any CPU
		{F69341E5-EADA-4753-92F8-ADB0ECD49C2F}.Release|Any CPU.ActiveCfg = Release|Any CPU
		{F69341E5-EADA-4753-92F8-ADB0ECD49C2F}.Release|Any CPU.Build.0 = Release|Any CPU
	EndGlobalSection
EndGlobal
